
Microsoft Visual Studio Solution File, Format Version 12.00
# Visual Studio Version 16
VisualStudioVersion = 16.0.29230.47
MinimumVisualStudioVersion = 10.0.40219.1
Project("{2150E333-8FDC-42A3-9474-1A3956D46DE8}") = "WCF", "WCF", "{847A4434-0653-4125-87B2-E3C2459660F8}"
EndProject
Project("{2150E333-8FDC-42A3-9474-1A3956D46DE8}") = "Controls", "Controls", "{3F39B096-049E-452F-AC7F-AA6F167C5886}"
EndProject
Project("{2150E333-8FDC-42A3-9474-1A3956D46DE8}") = "Drivers", "Drivers", "{D0B07350-1C4B-4484-836A-B450309F94AD}"
EndProject
Project("{2150E333-8FDC-42A3-9474-1A3956D46DE8}") = "Studio", "Studio", "{3662BAB3-8F7B-411A-A23C-B3B7374D0617}"
EndProject
Project("{2150E333-8FDC-42A3-9474-1A3956D46DE8}") = "Util", "Util", "{BE6E8E66-E008-4C37-99DD-CE60BDEB7349}"
EndProject
Project("{2150E333-8FDC-42A3-9474-1A3956D46DE8}") = "WPF", "WPF", "{3E0B0CA0-A512-4AA6-96BA-B13DF9B8EA55}"
EndProject
Project("{FAE04EC0-301F-11D3-BF4B-00C04F79EFBC}") = "Controls", "Controls\AdvancedScada.Controls\Controls.csproj", "{61D652F9-ADEF-4024-B1A8-4709656068CA}"
EndProject
Project("{FAE04EC0-301F-11D3-BF4B-00C04F79EFBC}") = "Controls_Binding", "Controls\AdvancedScada.Controls_Binding\Controls_Binding.csproj", "{593D94F6-E928-4F50-B40B-CFCAA79FCB65}"
EndProject
Project("{F184B08F-C81C-45F6-A57F-5ABD9991F28F}") = "Controls_Net45", "Controls\AdvancedScada.Controls_Net45\Controls_Net45.vbproj", "{6A4EA5F0-F6A7-4D58-8542-E39444A0A7C3}"
EndProject
Project("{FAE04EC0-301F-11D3-BF4B-00C04F79EFBC}") = "ImagePicker", "Controls\AdvancedScada.ImagePicker\ImagePicker.csproj", "{06C4D61D-CBB1-4F3D-8599-F18099548A25}"
EndProject
Project("{FAE04EC0-301F-11D3-BF4B-00C04F79EFBC}") = "Monitor", "Controls\AdvancedScada.Monitor\Monitor.csproj", "{B160281B-93B1-45BD-A07E-FD75C27916EA}"
EndProject
Project("{FAE04EC0-301F-11D3-BF4B-00C04F79EFBC}") = "DriverBase", "Drivers\AdvancedScada.DriverBase\DriverBase.csproj", "{1D570E9A-E5B4-44DD-946D-9D73CFA4A535}"
EndProject
Project("{FAE04EC0-301F-11D3-BF4B-00C04F79EFBC}") = "IODriver", "Drivers\AdvancedScada.IODriver\IODriver.csproj", "{78569A8D-4C84-4174-89D2-58D3F30ACBBE}"
EndProject
Project("{FAE04EC0-301F-11D3-BF4B-00C04F79EFBC}") = "Management", "Studio\AdvancedScada.Management\Management.csproj", "{8FEAB090-6B9A-4C8D-AD4A-B5C9062152A0}"
EndProject
Project("{FAE04EC0-301F-11D3-BF4B-00C04F79EFBC}") = "Studio", "Studio\AdvancedScada.Studio\Studio.csproj", "{4C9562AC-E060-42E6-9FBB-3F65A70CA02A}"
EndProject
Project("{FAE04EC0-301F-11D3-BF4B-00C04F79EFBC}") = "Utils", "Util\AdvancedScada.Utils\Utils.csproj", "{5C361F75-32C8-487B-9EB8-0B4D627B89B4}"
EndProject
Project("{FAE04EC0-301F-11D3-BF4B-00C04F79EFBC}") = "BaseService", "WCF\AdvancedScada.BaseService\BaseService.csproj", "{5B05B8BD-B05A-4B7A-8B0D-78C8BE7441E1}"
EndProject
Project("{FAE04EC0-301F-11D3-BF4B-00C04F79EFBC}") = "IBaseService", "WCF\AdvancedScada.IBaseService\IBaseService.csproj", "{F47222C0-6B69-4FF1-AEC3-B4C668B0A55A}"
EndProject
Project("{2150E333-8FDC-42A3-9474-1A3956D46DE8}") = "HMI", "HMI", "{C78BBDA7-369E-47D7-BDCA-EB33AFE7B6DC}"
EndProject
Project("{F184B08F-C81C-45F6-A57F-5ABD9991F28F}") = "DataAccess", "HMI\AdvancedScada.DataAccess\DataAccess.vbproj", "{36F477CC-54A4-4F55-ADB3-2A2E06DBFBEF}"
EndProject
Project("{F184B08F-C81C-45F6-A57F-5ABD9991F28F}") = "ReportViewer", "HMI\AdvancedScada.ReportView\ReportViewer.vbproj", "{A7E14A59-51EE-4E8E-B1EE-3CB3C71DC9D3}"
EndProject
Project("{FAE04EC0-301F-11D3-BF4B-00C04F79EFBC}") = "Scada", "HMI\AdvancedScada.Scada\Scada.csproj", "{AFE58B77-0383-41AE-AD22-5534D360A913}"
EndProject
Project("{FAE04EC0-301F-11D3-BF4B-00C04F79EFBC}") = "WPF.Controls", "WPF\HslScada.Controls\WPF.Controls.csproj", "{9945610D-D7D3-4FB3-8148-A68016F06BED}"
EndProject
Project("{FAE04EC0-301F-11D3-BF4B-00C04F79EFBC}") = "WPF.Scada", "WPF\HslScada.Scada\WPF.Scada.csproj", "{95299DFD-A767-4B89-944E-E7253428C161}"
EndProject
Project("{F184B08F-C81C-45F6-A57F-5ABD9991F28F}") = "Controls_Net35", "Controls\AdvancedScada.Controls_Net35\Controls_Net35.vbproj", "{31B3F32B-550A-445D-8AC4-5F8A37A12124}"
EndProject
Project("{FAE04EC0-301F-11D3-BF4B-00C04F79EFBC}") = "HslCommunication_Net45", "Drivers\HslCommunication_Net45\HslCommunication_Net45.csproj", "{7F8029DA-1B94-4B1D-B91F-5B21DBF2F3A2}"
EndProject
Project("{FAE04EC0-301F-11D3-BF4B-00C04F79EFBC}") = "HslScada.Controls.Design", "WPF\HslScada.Controls.Design\HslScada.Controls.Design\HslScada.Controls.Design.csproj", "{1CF8F22B-E579-43C8-914C-028FDCF860A7}"
EndProject
Global
	GlobalSection(SolutionConfigurationPlatforms) = preSolution
		Debug|Any CPU = Debug|Any CPU
		Release|Any CPU = Release|Any CPU
	EndGlobalSection
	GlobalSection(ProjectConfigurationPlatforms) = postSolution
		{61D652F9-ADEF-4024-B1A8-4709656068CA}.Debug|Any CPU.ActiveCfg = Debug|Any CPU
		{61D652F9-ADEF-4024-B1A8-4709656068CA}.Debug|Any CPU.Build.0 = Debug|Any CPU
		{61D652F9-ADEF-4024-B1A8-4709656068CA}.Release|Any CPU.ActiveCfg = Release|Any CPU
		{61D652F9-ADEF-4024-B1A8-4709656068CA}.Release|Any CPU.Build.0 = Release|Any CPU
		{593D94F6-E928-4F50-B40B-CFCAA79FCB65}.Debug|Any CPU.ActiveCfg = Debug|Any CPU
		{593D94F6-E928-4F50-B40B-CFCAA79FCB65}.Debug|Any CPU.Build.0 = Debug|Any CPU
		{593D94F6-E928-4F50-B40B-CFCAA79FCB65}.Release|Any CPU.ActiveCfg = Release|Any CPU
		{593D94F6-E928-4F50-B40B-CFCAA79FCB65}.Release|Any CPU.Build.0 = Release|Any CPU
		{6A4EA5F0-F6A7-4D58-8542-E39444A0A7C3}.Debug|Any CPU.ActiveCfg = Debug|Any CPU
		{6A4EA5F0-F6A7-4D58-8542-E39444A0A7C3}.Debug|Any CPU.Build.0 = Debug|Any CPU
		{6A4EA5F0-F6A7-4D58-8542-E39444A0A7C3}.Release|Any CPU.ActiveCfg = Release|Any CPU
		{6A4EA5F0-F6A7-4D58-8542-E39444A0A7C3}.Release|Any CPU.Build.0 = Release|Any CPU
		{06C4D61D-CBB1-4F3D-8599-F18099548A25}.Debug|Any CPU.ActiveCfg = Debug|Any CPU
		{06C4D61D-CBB1-4F3D-8599-F18099548A25}.Debug|Any CPU.Build.0 = Debug|Any CPU
		{06C4D61D-CBB1-4F3D-8599-F18099548A25}.Release|Any CPU.ActiveCfg = Release|Any CPU
		{06C4D61D-CBB1-4F3D-8599-F18099548A25}.Release|Any CPU.Build.0 = Release|Any CPU
		{B160281B-93B1-45BD-A07E-FD75C27916EA}.Debug|Any CPU.ActiveCfg = Debug|Any CPU
		{B160281B-93B1-45BD-A07E-FD75C27916EA}.Debug|Any CPU.Build.0 = Debug|Any CPU
		{B160281B-93B1-45BD-A07E-FD75C27916EA}.Release|Any CPU.ActiveCfg = Release|Any CPU
		{B160281B-93B1-45BD-A07E-FD75C27916EA}.Release|Any CPU.Build.0 = Release|Any CPU
		{1D570E9A-E5B4-44DD-946D-9D73CFA4A535}.Debug|Any CPU.ActiveCfg = Debug|Any CPU
		{1D570E9A-E5B4-44DD-946D-9D73CFA4A535}.Debug|Any CPU.Build.0 = Debug|Any CPU
		{1D570E9A-E5B4-44DD-946D-9D73CFA4A535}.Release|Any CPU.ActiveCfg = Release|Any CPU
		{1D570E9A-E5B4-44DD-946D-9D73CFA4A535}.Release|Any CPU.Build.0 = Release|Any CPU
		{78569A8D-4C84-4174-89D2-58D3F30ACBBE}.Debug|Any CPU.ActiveCfg = Debug|Any CPU
		{78569A8D-4C84-4174-89D2-58D3F30ACBBE}.Debug|Any CPU.Build.0 = Debug|Any CPU
		{78569A8D-4C84-4174-89D2-58D3F30ACBBE}.Release|Any CPU.ActiveCfg = Release|Any CPU
		{78569A8D-4C84-4174-89D2-58D3F30ACBBE}.Release|Any CPU.Build.0 = Release|Any CPU
		{8FEAB090-6B9A-4C8D-AD4A-B5C9062152A0}.Debug|Any CPU.ActiveCfg = Debug|Any CPU
		{8FEAB090-6B9A-4C8D-AD4A-B5C9062152A0}.Debug|Any CPU.Build.0 = Debug|Any CPU
		{8FEAB090-6B9A-4C8D-AD4A-B5C9062152A0}.Release|Any CPU.ActiveCfg = Release|Any CPU
		{8FEAB090-6B9A-4C8D-AD4A-B5C9062152A0}.Release|Any CPU.Build.0 = Release|Any CPU
		{4C9562AC-E060-42E6-9FBB-3F65A70CA02A}.Debug|Any CPU.ActiveCfg = Debug|Any CPU
		{4C9562AC-E060-42E6-9FBB-3F65A70CA02A}.Debug|Any CPU.Build.0 = Debug|Any CPU
		{4C9562AC-E060-42E6-9FBB-3F65A70CA02A}.Release|Any CPU.ActiveCfg = Release|Any CPU
		{4C9562AC-E060-42E6-9FBB-3F65A70CA02A}.Release|Any CPU.Build.0 = Release|Any CPU
		{5C361F75-32C8-487B-9EB8-0B4D627B89B4}.Debug|Any CPU.ActiveCfg = Debug|Any CPU
		{5C361F75-32C8-487B-9EB8-0B4D627B89B4}.Debug|Any CPU.Build.0 = Debug|Any CPU
		{5C361F75-32C8-487B-9EB8-0B4D627B89B4}.Release|Any CPU.ActiveCfg = Release|Any CPU
		{5C361F75-32C8-487B-9EB8-0B4D627B89B4}.Release|Any CPU.Build.0 = Release|Any CPU
		{5B05B8BD-B05A-4B7A-8B0D-78C8BE7441E1}.Debug|Any CPU.ActiveCfg = Debug|Any CPU
		{5B05B8BD-B05A-4B7A-8B0D-78C8BE7441E1}.Debug|Any CPU.Build.0 = Debug|Any CPU
		{5B05B8BD-B05A-4B7A-8B0D-78C8BE7441E1}.Release|Any CPU.ActiveCfg = Release|Any CPU
		{5B05B8BD-B05A-4B7A-8B0D-78C8BE7441E1}.Release|Any CPU.Build.0 = Release|Any CPU
		{F47222C0-6B69-4FF1-AEC3-B4C668B0A55A}.Debug|Any CPU.ActiveCfg = Debug|Any CPU
		{F47222C0-6B69-4FF1-AEC3-B4C668B0A55A}.Debug|Any CPU.Build.0 = Debug|Any CPU
		{F47222C0-6B69-4FF1-AEC3-B4C668B0A55A}.Release|Any CPU.ActiveCfg = Release|Any CPU
		{F47222C0-6B69-4FF1-AEC3-B4C668B0A55A}.Release|Any CPU.Build.0 = Release|Any CPU
		{36F477CC-54A4-4F55-ADB3-2A2E06DBFBEF}.Debug|Any CPU.ActiveCfg = Debug|Any CPU
		{36F477CC-54A4-4F55-ADB3-2A2E06DBFBEF}.Debug|Any CPU.Build.0 = Debug|Any CPU
		{36F477CC-54A4-4F55-ADB3-2A2E06DBFBEF}.Release|Any CPU.ActiveCfg = Release|Any CPU
		{36F477CC-54A4-4F55-ADB3-2A2E06DBFBEF}.Release|Any CPU.Build.0 = Release|Any CPU
		{A7E14A59-51EE-4E8E-B1EE-3CB3C71DC9D3}.Debug|Any CPU.ActiveCfg = Debug|Any CPU
		{A7E14A59-51EE-4E8E-B1EE-3CB3C71DC9D3}.Debug|Any CPU.Build.0 = Debug|Any CPU
		{A7E14A59-51EE-4E8E-B1EE-3CB3C71DC9D3}.Release|Any CPU.ActiveCfg = Release|Any CPU
		{A7E14A59-51EE-4E8E-B1EE-3CB3C71DC9D3}.Release|Any CPU.Build.0 = Release|Any CPU
		{AFE58B77-0383-41AE-AD22-5534D360A913}.Debug|Any CPU.ActiveCfg = Debug|Any CPU
		{AFE58B77-0383-41AE-AD22-5534D360A913}.Debug|Any CPU.Build.0 = Debug|Any CPU
		{AFE58B77-0383-41AE-AD22-5534D360A913}.Release|Any CPU.ActiveCfg = Release|Any CPU
		{AFE58B77-0383-41AE-AD22-5534D360A913}.Release|Any CPU.Build.0 = Release|Any CPU
		{9945610D-D7D3-4FB3-8148-A68016F06BED}.Debug|Any CPU.ActiveCfg = Debug|Any CPU
		{9945610D-D7D3-4FB3-8148-A68016F06BED}.Debug|Any CPU.Build.0 = Debug|Any CPU
		{9945610D-D7D3-4FB3-8148-A68016F06BED}.Release|Any CPU.ActiveCfg = Release|Any CPU
		{9945610D-D7D3-4FB3-8148-A68016F06BED}.Release|Any CPU.Build.0 = Release|Any CPU
		{95299DFD-A767-4B89-944E-E7253428C161}.Debug|Any CPU.ActiveCfg = Debug|Any CPU
		{95299DFD-A767-4B89-944E-E7253428C161}.Debug|Any CPU.Build.0 = Debug|Any CPU
		{95299DFD-A767-4B89-944E-E7253428C161}.Release|Any CPU.ActiveCfg = Release|Any CPU
		{95299DFD-A767-4B89-944E-E7253428C161}.Release|Any CPU.Build.0 = Release|Any CPU
		{31B3F32B-550A-445D-8AC4-5F8A37A12124}.Debug|Any CPU.ActiveCfg = Debug|Any CPU
		{31B3F32B-550A-445D-8AC4-5F8A37A12124}.Debug|Any CPU.Build.0 = Debug|Any CPU
		{31B3F32B-550A-445D-8AC4-5F8A37A12124}.Release|Any CPU.ActiveCfg = Release|Any CPU
		{31B3F32B-550A-445D-8AC4-5F8A37A12124}.Release|Any CPU.Build.0 = Release|Any CPU
		{7F8029DA-1B94-4B1D-B91F-5B21DBF2F3A2}.Debug|Any CPU.ActiveCfg = Debug|Any CPU
		{7F8029DA-1B94-4B1D-B91F-5B21DBF2F3A2}.Debug|Any CPU.Build.0 = Debug|Any CPU
		{7F8029DA-1B94-4B1D-B91F-5B21DBF2F3A2}.Release|Any CPU.ActiveCfg = Release|Any CPU
		{7F8029DA-1B94-4B1D-B91F-5B21DBF2F3A2}.Release|Any CPU.Build.0 = Release|Any CPU
		{1CF8F22B-E579-43C8-914C-028FDCF860A7}.Debug|Any CPU.ActiveCfg = Debug|Any CPU
		{1CF8F22B-E579-43C8-914C-028FDCF860A7}.Debug|Any CPU.Build.0 = Debug|Any CPU
		{1CF8F22B-E579-43C8-914C-028FDCF860A7}.Release|Any CPU.ActiveCfg = Release|Any CPU
		{1CF8F22B-E579-43C8-914C-028FDCF860A7}.Release|Any CPU.Build.0 = Release|Any CPU
	EndGlobalSection
	GlobalSection(SolutionProperties) = preSolution
		HideSolutionNode = FALSE
	EndGlobalSection
	GlobalSection(NestedProjects) = preSolution
		{61D652F9-ADEF-4024-B1A8-4709656068CA} = {3F39B096-049E-452F-AC7F-AA6F167C5886}
		{593D94F6-E928-4F50-B40B-CFCAA79FCB65} = {3F39B096-049E-452F-AC7F-AA6F167C5886}
		{6A4EA5F0-F6A7-4D58-8542-E39444A0A7C3} = {3F39B096-049E-452F-AC7F-AA6F167C5886}
		{06C4D61D-CBB1-4F3D-8599-F18099548A25} = {3F39B096-049E-452F-AC7F-AA6F167C5886}
		{B160281B-93B1-45BD-A07E-FD75C27916EA} = {3F39B096-049E-452F-AC7F-AA6F167C5886}
		{1D570E9A-E5B4-44DD-946D-9D73CFA4A535} = {D0B07350-1C4B-4484-836A-B450309F94AD}
		{78569A8D-4C84-4174-89D2-58D3F30ACBBE} = {D0B07350-1C4B-4484-836A-B450309F94AD}
		{8FEAB090-6B9A-4C8D-AD4A-B5C9062152A0} = {3662BAB3-8F7B-411A-A23C-B3B7374D0617}
		{4C9562AC-E060-42E6-9FBB-3F65A70CA02A} = {3662BAB3-8F7B-411A-A23C-B3B7374D0617}
		{5C361F75-32C8-487B-9EB8-0B4D627B89B4} = {BE6E8E66-E008-4C37-99DD-CE60BDEB7349}
		{5B05B8BD-B05A-4B7A-8B0D-78C8BE7441E1} = {847A4434-0653-4125-87B2-E3C2459660F8}
		{F47222C0-6B69-4FF1-AEC3-B4C668B0A55A} = {847A4434-0653-4125-87B2-E3C2459660F8}
		{36F477CC-54A4-4F55-ADB3-2A2E06DBFBEF} = {C78BBDA7-369E-47D7-BDCA-EB33AFE7B6DC}
		{A7E14A59-51EE-4E8E-B1EE-3CB3C71DC9D3} = {C78BBDA7-369E-47D7-BDCA-EB33AFE7B6DC}
		{AFE58B77-0383-41AE-AD22-5534D360A913} = {C78BBDA7-369E-47D7-BDCA-EB33AFE7B6DC}
		{9945610D-D7D3-4FB3-8148-A68016F06BED} = {3E0B0CA0-A512-4AA6-96BA-B13DF9B8EA55}
		{95299DFD-A767-4B89-944E-E7253428C161} = {3E0B0CA0-A512-4AA6-96BA-B13DF9B8EA55}
		{31B3F32B-550A-445D-8AC4-5F8A37A12124} = {3F39B096-049E-452F-AC7F-AA6F167C5886}
		{7F8029DA-1B94-4B1D-B91F-5B21DBF2F3A2} = {D0B07350-1C4B-4484-836A-B450309F94AD}
		{1CF8F22B-E579-43C8-914C-028FDCF860A7} = {3E0B0CA0-A512-4AA6-96BA-B13DF9B8EA55}
	EndGlobalSection
	GlobalSection(ExtensibilityGlobals) = postSolution
		SolutionGuid = {204AF3B5-65D3-431D-B11A-887625B7EECD}
	EndGlobalSection
EndGlobal
